
Microsoft Visual Studio Solution File, Format Version 12.00
# Visual Studio Version 16
VisualStudioVersion = 16.0.810.6
MinimumVisualStudioVersion = 10.0.40219.1
Project("{FAE04EC0-301F-11D3-BF4B-00C04F79EFBC}") = "COP2360_20221", "COP2360_20221\COP2360_20221.csproj", "{7418DC9F-0E01-4184-B345-541385C0C4E1}"
EndProject
Global
	GlobalSection(SolutionConfigurationPlatforms) = preSolution
		Debug|Any CPU = Debug|Any CPU
		Release|Any CPU = Release|Any CPU
	EndGlobalSection
	GlobalSection(ProjectConfigurationPlatforms) = postSolution
		{7418DC9F-0E01-4184-B345-541385C0C4E1}.Debug|Any CPU.ActiveCfg = Debug|Any CPU
		{7418DC9F-0E01-4184-B345-541385C0C4E1}.Debug|Any CPU.Build.0 = Debug|Any CPU
		{7418DC9F-0E01-4184-B345-541385C0C4E1}.Release|Any CPU.ActiveCfg = Release|Any CPU
		{7418DC9F-0E01-4184-B345-541385C0C4E1}.Release|Any CPU.Build.0 = Release|Any CPU
	EndGlobalSection
	GlobalSection(SolutionProperties) = preSolution
		HideSolutionNode = FALSE
	EndGlobalSection
	GlobalSection(ExtensibilityGlobals) = postSolution
		SolutionGuid = {FCAF1638-253C-4DDF-A750-B174163F9F86}
	EndGlobalSection
EndGlobal
